
Microsoft Visual Studio Solution File, Format Version 12.00
Project("{FAE04EC0-301F-11D3-BF4B-00C04F79EFBC}") = "Spherum.Mobile", "Spherum.Mobile\Spherum.Mobile.csproj", "{9689C3D4-F0FB-4ABC-97C5-1D7AE1C2C5B1}"
EndProject
Project("{2150E333-8FDC-42A3-9474-1A3956D46DE8}") = "SolutionItems", "SolutionItems", "{5873B67C-41B1-4F0B-9FEF-EE08F45757DC}"
	ProjectSection(SolutionItems) = preProject
		.gitignore = .gitignore
		.editorconfig = .editorconfig
	EndProjectSection
EndProject
Global
	GlobalSection(SolutionConfigurationPlatforms) = preSolution
		Debug|Any CPU = Debug|Any CPU
		Release|Any CPU = Release|Any CPU
	EndGlobalSection
	GlobalSection(ProjectConfigurationPlatforms) = postSolution
		{9689C3D4-F0FB-4ABC-97C5-1D7AE1C2C5B1}.Debug|Any CPU.ActiveCfg = Debug|Any CPU
		{9689C3D4-F0FB-4ABC-97C5-1D7AE1C2C5B1}.Debug|Any CPU.Build.0 = Debug|Any CPU
		{9689C3D4-F0FB-4ABC-97C5-1D7AE1C2C5B1}.Release|Any CPU.ActiveCfg = Release|Any CPU
		{9689C3D4-F0FB-4ABC-97C5-1D7AE1C2C5B1}.Release|Any CPU.Build.0 = Release|Any CPU
	EndGlobalSection
EndGlobal
